
Microsoft Visual Studio Solution File, Format Version 12.00
# Visual Studio 15
VisualStudioVersion = 15.0.27130.2026
MinimumVisualStudioVersion = 10.0.40219.1
Project("{9A19103F-16F7-4668-BE54-9A1E7A4F7556}") = "CucumberTechnicalTest", "CucumberTechnicalTest.csproj", "{86BAF062-BD7A-4B42-AE55-17205C551D6E}"
EndProject
Global
	GlobalSection(SolutionConfigurationPlatforms) = preSolution
		Debug|Any CPU = Debug|Any CPU
		Release|Any CPU = Release|Any CPU
	EndGlobalSection
	GlobalSection(ProjectConfigurationPlatforms) = postSolution
		{86BAF062-BD7A-4B42-AE55-17205C551D6E}.Debug|Any CPU.ActiveCfg = Debug|Any CPU
		{86BAF062-BD7A-4B42-AE55-17205C551D6E}.Debug|Any CPU.Build.0 = Debug|Any CPU
		{86BAF062-BD7A-4B42-AE55-17205C551D6E}.Release|Any CPU.ActiveCfg = Release|Any CPU
		{86BAF062-BD7A-4B42-AE55-17205C551D6E}.Release|Any CPU.Build.0 = Release|Any CPU
	EndGlobalSection
	GlobalSection(SolutionProperties) = preSolution
		HideSolutionNode = FALSE
	EndGlobalSection
	GlobalSection(ExtensibilityGlobals) = postSolution
		SolutionGuid = {F3977B4F-EE9B-40AE-9D9C-70CC4643F37B}
	EndGlobalSection
EndGlobal
